
Microsoft Visual Studio Solution File, Format Version 12.00
# Visual Studio Version 16
VisualStudioVersion = 16.0.30309.148
MinimumVisualStudioVersion = 10.0.40219.1
Project("{FAE04EC0-301F-11D3-BF4B-00C04F79EFBC}") = "VIngadores Quiz", "VIngadores Quiz.csproj", "{66715655-37DD-49CD-9637-4B6DE2F52412}"
EndProject
Global
	GlobalSection(SolutionConfigurationPlatforms) = preSolution
		Debug|Any CPU = Debug|Any CPU
		Release|Any CPU = Release|Any CPU
	EndGlobalSection
	GlobalSection(ProjectConfigurationPlatforms) = postSolution
		{66715655-37DD-49CD-9637-4B6DE2F52412}.Debug|Any CPU.ActiveCfg = Debug|Any CPU
		{66715655-37DD-49CD-9637-4B6DE2F52412}.Debug|Any CPU.Build.0 = Debug|Any CPU
		{66715655-37DD-49CD-9637-4B6DE2F52412}.Release|Any CPU.ActiveCfg = Release|Any CPU
		{66715655-37DD-49CD-9637-4B6DE2F52412}.Release|Any CPU.Build.0 = Release|Any CPU
	EndGlobalSection
	GlobalSection(SolutionProperties) = preSolution
		HideSolutionNode = FALSE
	EndGlobalSection
	GlobalSection(ExtensibilityGlobals) = postSolution
		SolutionGuid = {33FB7378-9AF3-40D5-B21D-7988A136DA7A}
	EndGlobalSection
EndGlobal
